
Microsoft Visual Studio Solution File, Format Version 12.00
# Visual Studio Version 17
VisualStudioVersion = 17.6.33723.286
MinimumVisualStudioVersion = 10.0.40219.1
Project("{FAE04EC0-301F-11D3-BF4B-00C04F79EFBC}") = "ASP.NET_WebForm_1", "ASP.NET_WebForm_1\ASP.NET_WebForm_1.csproj", "{29C5EE5A-6E2E-4C2A-9394-5494EA9B7107}"
EndProject
Project("{FAE04EC0-301F-11D3-BF4B-00C04F79EFBC}") = "ASP.NET_EntityLayer", "ASP.NET_EntityLayer\ASP.NET_EntityLayer.csproj", "{C2160522-C20C-4B04-A9D6-55FCD8981975}"
EndProject
Global
	GlobalSection(SolutionConfigurationPlatforms) = preSolution
		Debug|Any CPU = Debug|Any CPU
		Release|Any CPU = Release|Any CPU
	EndGlobalSection
	GlobalSection(ProjectConfigurationPlatforms) = postSolution
		{29C5EE5A-6E2E-4C2A-9394-5494EA9B7107}.Debug|Any CPU.ActiveCfg = Debug|Any CPU
		{29C5EE5A-6E2E-4C2A-9394-5494EA9B7107}.Debug|Any CPU.Build.0 = Debug|Any CPU
		{29C5EE5A-6E2E-4C2A-9394-5494EA9B7107}.Release|Any CPU.ActiveCfg = Release|Any CPU
		{29C5EE5A-6E2E-4C2A-9394-5494EA9B7107}.Release|Any CPU.Build.0 = Release|Any CPU
		{C2160522-C20C-4B04-A9D6-55FCD8981975}.Debug|Any CPU.ActiveCfg = Debug|Any CPU
		{C2160522-C20C-4B04-A9D6-55FCD8981975}.Debug|Any CPU.Build.0 = Debug|Any CPU
		{C2160522-C20C-4B04-A9D6-55FCD8981975}.Release|Any CPU.ActiveCfg = Release|Any CPU
		{C2160522-C20C-4B04-A9D6-55FCD8981975}.Release|Any CPU.Build.0 = Release|Any CPU
	EndGlobalSection
	GlobalSection(SolutionProperties) = preSolution
		HideSolutionNode = FALSE
	EndGlobalSection
	GlobalSection(ExtensibilityGlobals) = postSolution
		SolutionGuid = {E2F7C00C-A5B4-4DA5-BDDB-622E2445F85B}
	EndGlobalSection
EndGlobal
